
Microsoft Visual Studio Solution File, Format Version 12.00
# Visual Studio Version 17
VisualStudioVersion = 17.5.33530.505
MinimumVisualStudioVersion = 10.0.40219.1
Project("{FAE04EC0-301F-11D3-BF4B-00C04F79EFBC}") = "ConsoleImageProcessor", "ConsoleImageProcessor\ConsoleImageProcessor.csproj", "{554D62F6-FC1A-4C8B-953C-D6FCE4EB03F3}"
EndProject
Global
	GlobalSection(SolutionConfigurationPlatforms) = preSolution
		Debug|Any CPU = Debug|Any CPU
		Release|Any CPU = Release|Any CPU
	EndGlobalSection
	GlobalSection(ProjectConfigurationPlatforms) = postSolution
		{554D62F6-FC1A-4C8B-953C-D6FCE4EB03F3}.Debug|Any CPU.ActiveCfg = Debug|Any CPU
		{554D62F6-FC1A-4C8B-953C-D6FCE4EB03F3}.Debug|Any CPU.Build.0 = Debug|Any CPU
		{554D62F6-FC1A-4C8B-953C-D6FCE4EB03F3}.Release|Any CPU.ActiveCfg = Release|Any CPU
		{554D62F6-FC1A-4C8B-953C-D6FCE4EB03F3}.Release|Any CPU.Build.0 = Release|Any CPU
	EndGlobalSection
	GlobalSection(SolutionProperties) = preSolution
		HideSolutionNode = FALSE
	EndGlobalSection
	GlobalSection(ExtensibilityGlobals) = postSolution
		SolutionGuid = {6CCD1713-21A7-41AE-8946-660FE387FA97}
	EndGlobalSection
EndGlobal
